// !$*UTF8*$!
{
	archiveVersion = 1;
	classes = {
	};
	objectVersion = 56;
	objects = {

/* Begin PBXBuildFile section */
		18AA964A2A7E13E9001C48D1 /* MyDayApp.swift in Sources */ = {isa = PBXBuildFile; fileRef = 18AA96492A7E13E9001C48D1 /* MyDayApp.swift */; };
		18AA964C2A7E13E9001C48D1 /* MainView.swift in Sources */ = {isa = PBXBuildFile; fileRef = 18AA964B2A7E13E9001C48D1 /* MainView.swift */; };
		18AA964E2A7E13EB001C48D1 /* Assets.xcassets in Resources */ = {isa = PBXBuildFile; fileRef = 18AA964D2A7E13EB001C48D1 /* Assets.xcassets */; };
		18AA96512A7E13EB001C48D1 /* Preview Assets.xcassets in Resources */ = {isa = PBXBuildFile; fileRef = 18AA96502A7E13EB001C48D1 /* Preview Assets.xcassets */; };
		18AA96582A7E1E87001C48D1 /* ToDoListView.swift in Sources */ = {isa = PBXBuildFile; fileRef = 18AA96572A7E1E87001C48D1 /* ToDoListView.swift */; };
		18AA965C2A7E1FC7001C48D1 /* AboutView.swift in Sources */ = {isa = PBXBuildFile; fileRef = 18AA965B2A7E1FC7001C48D1 /* AboutView.swift */; };
		18AA965E2A7E2101001C48D1 /* NewItemView.swift in Sources */ = {isa = PBXBuildFile; fileRef = 18AA965D2A7E2101001C48D1 /* NewItemView.swift */; };
		18AA96632A7E2449001C48D1 /* NewItemViewViewModel.swift in Sources */ = {isa = PBXBuildFile; fileRef = 18AA96622A7E2449001C48D1 /* NewItemViewViewModel.swift */; };
		18AA96652A7E25D7001C48D1 /* TLButton.swift in Sources */ = {isa = PBXBuildFile; fileRef = 18AA96642A7E25D7001C48D1 /* TLButton.swift */; };
		18AA96672A7E2725001C48D1 /* ToDoListViewViewModel.swift in Sources */ = {isa = PBXBuildFile; fileRef = 18AA96662A7E2725001C48D1 /* ToDoListViewViewModel.swift */; };
		18AA966C2A7E3B06001C48D1 /* ToDoListItem.swift in Sources */ = {isa = PBXBuildFile; fileRef = 18AA966B2A7E3B06001C48D1 /* ToDoListItem.swift */; };
		18AA966E2A7E4E2C001C48D1 /* ToDoListItemView.swift in Sources */ = {isa = PBXBuildFile; fileRef = 18AA966D2A7E4E2C001C48D1 /* ToDoListItemView.swift */; };
/* End PBXBuildFile section */

/* Begin PBXFileReference section */
		18AA96462A7E13E9001C48D1 /* MyDay.app */ = {isa = PBXFileReference; explicitFileType = wrapper.application; includeInIndex = 0; path = MyDay.app; sourceTree = BUILT_PRODUCTS_DIR; };
		18AA96492A7E13E9001C48D1 /* MyDayApp.swift */ = {isa = PBXFileReference; lastKnownFileType = sourcecode.swift; path = MyDayApp.swift; sourceTree = "<group>"; };
		18AA964B2A7E13E9001C48D1 /* MainView.swift */ = {isa = PBXFileReference; lastKnownFileType = sourcecode.swift; path = MainView.swift; sourceTree = "<group>"; };
		18AA964D2A7E13EB001C48D1 /* Assets.xcassets */ = {isa = PBXFileReference; lastKnownFileType = folder.assetcatalog; path = Assets.xcassets; sourceTree = "<group>"; };
		18AA96502A7E13EB001C48D1 /* Preview Assets.xcassets */ = {isa = PBXFileReference; lastKnownFileType = folder.assetcatalog; path = "Preview Assets.xcassets"; sourceTree = "<group>"; };
		18AA96572A7E1E87001C48D1 /* ToDoListView.swift */ = {isa = PBXFileReference; lastKnownFileType = sourcecode.swift; path = ToDoListView.swift; sourceTree = "<group>"; };
		18AA965B2A7E1FC7001C48D1 /* AboutView.swift */ = {isa = PBXFileReference; lastKnownFileType = sourcecode.swift; path = AboutView.swift; sourceTree = "<group>"; };
		18AA965D2A7E2101001C48D1 /* NewItemView.swift */ = {isa = PBXFileReference; lastKnownFileType = sourcecode.swift; path = NewItemView.swift; sourceTree = "<group>"; };
		18AA96622A7E2449001C48D1 /* NewItemViewViewModel.swift */ = {isa = PBXFileReference; lastKnownFileType = sourcecode.swift; path = NewItemViewViewModel.swift; sourceTree = "<group>"; };
		18AA96642A7E25D7001C48D1 /* TLButton.swift */ = {isa = PBXFileReference; lastKnownFileType = sourcecode.swift; path = TLButton.swift; sourceTree = "<group>"; };
		18AA96662A7E2725001C48D1 /* ToDoListViewViewModel.swift */ = {isa = PBXFileReference; lastKnownFileType = sourcecode.swift; path = ToDoListViewViewModel.swift; sourceTree = "<group>"; };
		18AA966B2A7E3B06001C48D1 /* ToDoListItem.swift */ = {isa = PBXFileReference; lastKnownFileType = sourcecode.swift; path = ToDoListItem.swift; sourceTree = "<group>"; };
		18AA966D2A7E4E2C001C48D1 /* ToDoListItemView.swift */ = {isa = PBXFileReference; lastKnownFileType = sourcecode.swift; path = ToDoListItemView.swift; sourceTree = "<group>"; };
/* End PBXFileReference section */

/* Begin PBXFrameworksBuildPhase section */
		18AA96432A7E13E9001C48D1 /* Frameworks */ = {
			isa = PBXFrameworksBuildPhase;
			buildActionMask = 2147483647;
			files = (
			);
			runOnlyForDeploymentPostprocessing = 0;
		};
/* End PBXFrameworksBuildPhase section */

/* Begin PBXGroup section */
		18AA963D2A7E13E9001C48D1 = {
			isa = PBXGroup;
			children = (
				18AA96482A7E13E9001C48D1 /* MyDay */,
				18AA96472A7E13E9001C48D1 /* Products */,
			);
			sourceTree = "<group>";
		};
		18AA96472A7E13E9001C48D1 /* Products */ = {
			isa = PBXGroup;
			children = (
				18AA96462A7E13E9001C48D1 /* MyDay.app */,
			);
			name = Products;
			sourceTree = "<group>";
		};
		18AA96482A7E13E9001C48D1 /* MyDay */ = {
			isa = PBXGroup;
			children = (
				18AA966A2A7E3AF3001C48D1 /* Models */,
				18AA965F2A7E2406001C48D1 /* ViewModels */,
				18AA965A2A7E1F82001C48D1 /* Views */,
				18AA96592A7E1F6E001C48D1 /* Other */,
				18AA964F2A7E13EB001C48D1 /* Preview Content */,
			);
			path = MyDay;
			sourceTree = "<group>";
		};
		18AA964F2A7E13EB001C48D1 /* Preview Content */ = {
			isa = PBXGroup;
			children = (
				18AA96502A7E13EB001C48D1 /* Preview Assets.xcassets */,
			);
			path = "Preview Content";
			sourceTree = "<group>";
		};
		18AA96592A7E1F6E001C48D1 /* Other */ = {
			isa = PBXGroup;
			children = (
				18AA96492A7E13E9001C48D1 /* MyDayApp.swift */,
				18AA964D2A7E13EB001C48D1 /* Assets.xcassets */,
			);
			path = Other;
			sourceTree = "<group>";
		};
		18AA965A2A7E1F82001C48D1 /* Views */ = {
			isa = PBXGroup;
			children = (
				18AA964B2A7E13E9001C48D1 /* MainView.swift */,
				18AA96572A7E1E87001C48D1 /* ToDoListView.swift */,
				18AA965B2A7E1FC7001C48D1 /* AboutView.swift */,
				18AA965D2A7E2101001C48D1 /* NewItemView.swift */,
				18AA96642A7E25D7001C48D1 /* TLButton.swift */,
				18AA966D2A7E4E2C001C48D1 /* ToDoListItemView.swift */,
			);
			path = Views;
			sourceTree = "<group>";
		};
		18AA965F2A7E2406001C48D1 /* ViewModels */ = {
			isa = PBXGroup;
			children = (
				18AA96622A7E2449001C48D1 /* NewItemViewViewModel.swift */,
				18AA96662A7E2725001C48D1 /* ToDoListViewViewModel.swift */,
			);
			path = ViewModels;
			sourceTree = "<group>";
		};
		18AA966A2A7E3AF3001C48D1 /* Models */ = {
			isa = PBXGroup;
			children = (
				18AA966B2A7E3B06001C48D1 /* ToDoListItem.swift */,
			);
			path = Models;
			sourceTree = "<group>";
		};
/* End PBXGroup section */

/* Begin PBXNativeTarget section */
		18AA96452A7E13E9001C48D1 /* MyDay */ = {
			isa = PBXNativeTarget;
			buildConfigurationList = 18AA96542A7E13EB001C48D1 /* Build configuration list for PBXNativeTarget "MyDay" */;
			buildPhases = (
				18AA96422A7E13E9001C48D1 /* Sources */,
				18AA96432A7E13E9001C48D1 /* Frameworks */,
				18AA96442A7E13E9001C48D1 /* Resources */,
			);
			buildRules = (
			);
			dependencies = (
			);
			name = MyDay;
			productName = MyDay;
			productReference = 18AA96462A7E13E9001C48D1 /* MyDay.app */;
			productType = "com.apple.product-type.application";
		};
/* End PBXNativeTarget section */

/* Begin PBXProject section */
		18AA963E2A7E13E9001C48D1 /* Project object */ = {
			isa = PBXProject;
			attributes = {
				BuildIndependentTargetsInParallel = 1;
				LastSwiftUpdateCheck = 1420;
				LastUpgradeCheck = 1420;
				TargetAttributes = {
					18AA96452A7E13E9001C48D1 = {
						CreatedOnToolsVersion = 14.2;
					};
				};
			};
			buildConfigurationList = 18AA96412A7E13E9001C48D1 /* Build configuration list for PBXProject "MyDay" */;
			compatibilityVersion = "Xcode 14.0";
			developmentRegion = en;
			hasScannedForEncodings = 0;
			knownRegions = (
				en,
				Base,
			);
			mainGroup = 18AA963D2A7E13E9001C48D1;
			productRefGroup = 18AA96472A7E13E9001C48D1 /* Products */;
			projectDirPath = "";
			projectRoot = "";
			targets = (
				18AA96452A7E13E9001C48D1 /* MyDay */,
			);
		};
/* End PBXProject section */

/* Begin PBXResourcesBuildPhase section */
		18AA96442A7E13E9001C48D1 /* Resources */ = {
			isa = PBXResourcesBuildPhase;
			buildActionMask = 2147483647;
			files = (
				18AA96512A7E13EB001C48D1 /* Preview Assets.xcassets in Resources */,
				18AA964E2A7E13EB001C48D1 /* Assets.xcassets in Resources */,
			);
			runOnlyForDeploymentPostprocessing = 0;
		};
/* End PBXResourcesBuildPhase section */

/* Begin PBXSourcesBuildPhase section */
		18AA96422A7E13E9001C48D1 /* Sources */ = {
			isa = PBXSourcesBuildPhase;
			buildActionMask = 2147483647;
			files = (
				18AA965C2A7E1FC7001C48D1 /* AboutView.swift in Sources */,
				18AA96652A7E25D7001C48D1 /* TLButton.swift in Sources */,
				18AA96582A7E1E87001C48D1 /* ToDoListView.swift in Sources */,
				18AA964C2A7E13E9001C48D1 /* MainView.swift in Sources */,
				18AA96632A7E2449001C48D1 /* NewItemViewViewModel.swift in Sources */,
				18AA966E2A7E4E2C001C48D1 /* ToDoListItemView.swift in Sources */,
				18AA964A2A7E13E9001C48D1 /* MyDayApp.swift in Sources */,
				18AA965E2A7E2101001C48D1 /* NewItemView.swift in Sources */,
				18AA96672A7E2725001C48D1 /* ToDoListViewViewModel.swift in Sources */,
				18AA966C2A7E3B06001C48D1 /* ToDoListItem.swift in Sources */,
			);
			runOnlyForDeploymentPostprocessing = 0;
		};
/* End PBXSourcesBuildPhase section */

/* Begin XCBuildConfiguration section */
		18AA96522A7E13EB001C48D1 /* Debug */ = {
			isa = XCBuildConfiguration;
			buildSettings = {
				ALWAYS_SEARCH_USER_PATHS = NO;
				CLANG_ANALYZER_NONNULL = YES;
				CLANG_ANALYZER_NUMBER_OBJECT_CONVERSION = YES_AGGRESSIVE;
				CLANG_CXX_LANGUAGE_STANDARD = "gnu++20";
				CLANG_ENABLE_MODULES = YES;
				CLANG_ENABLE_OBJC_ARC = YES;
				CLANG_ENABLE_OBJC_WEAK = YES;
				CLANG_WARN_BLOCK_CAPTURE_AUTORELEASING = YES;
				CLANG_WARN_BOOL_CONVERSION = YES;
				CLANG_WARN_COMMA = YES;
				CLANG_WARN_CONSTANT_CONVERSION = YES;
				CLANG_WARN_DEPRECATED_OBJC_IMPLEMENTATIONS = YES;
				CLANG_WARN_DIRECT_OBJC_ISA_USAGE = YES_ERROR;
				CLANG_WARN_DOCUMENTATION_COMMENTS = YES;
				CLANG_WARN_EMPTY_BODY = YES;
				CLANG_WARN_ENUM_CONVERSION = YES;
				CLANG_WARN_INFINITE_RECURSION = YES;
				CLANG_WARN_INT_CONVERSION = YES;
				CLANG_WARN_NON_LITERAL_NULL_CONVERSION = YES;
				CLANG_WARN_OBJC_IMPLICIT_RETAIN_SELF = YES;
				CLANG_WARN_OBJC_LITERAL_CONVERSION = YES;
				CLANG_WARN_OBJC_ROOT_CLASS = YES_ERROR;
				CLANG_WARN_QUOTED_INCLUDE_IN_FRAMEWORK_HEADER = YES;
				CLANG_WARN_RANGE_LOOP_ANALYSIS = YES;
				CLANG_WARN_STRICT_PROTOTYPES = YES;
				CLANG_WARN_SUSPICIOUS_MOVE = YES;
				CLANG_WARN_UNGUARDED_AVAILABILITY = YES_AGGRESSIVE;
				CLANG_WARN_UNREACHABLE_CODE = YES;
				CLANG_WARN__DUPLICATE_METHOD_MATCH = YES;
				COPY_PHASE_STRIP = NO;
				DEBUG_INFORMATION_FORMAT = dwarf;
				ENABLE_STRICT_OBJC_MSGSEND = YES;
				ENABLE_TESTABILITY = YES;
				GCC_C_LANGUAGE_STANDARD = gnu11;
				GCC_DYNAMIC_NO_PIC = NO;
				GCC_NO_COMMON_BLOCKS = YES;
				GCC_OPTIMIZATION_LEVEL = 0;
				GCC_PREPROCESSOR_DEFINITIONS = (
					"DEBUG=1",
					"$(inherited)",
				);
				GCC_WARN_64_TO_32_BIT_CONVERSION = YES;
				GCC_WARN_ABOUT_RETURN_TYPE = YES_ERROR;
				GCC_WARN_UNDECLARED_SELECTOR = YES;
				GCC_WARN_UNINITIALIZED_AUTOS = YES_AGGRESSIVE;
				GCC_WARN_UNUSED_FUNCTION = YES;
				GCC_WARN_UNUSED_VARIABLE = YES;
				IPHONEOS_DEPLOYMENT_TARGET = 16.2;
				MTL_ENABLE_DEBUG_INFO = INCLUDE_SOURCE;
				MTL_FAST_MATH = YES;
				ONLY_ACTIVE_ARCH = YES;
				SDKROOT = iphoneos;
				SWIFT_ACTIVE_COMPILATION_CONDITIONS = DEBUG;
				SWIFT_OPTIMIZATION_LEVEL = "-Onone";
			};
			name = Debug;
		};
		18AA96532A7E13EB001C48D1 /* Release */ = {
			isa = XCBuildConfiguration;
			buildSettings = {
				ALWAYS_SEARCH_USER_PATHS = NO;
				CLANG_ANALYZER_NONNULL = YES;
				CLANG_ANALYZER_NUMBER_OBJECT_CONVERSION = YES_AGGRESSIVE;
				CLANG_CXX_LANGUAGE_STANDARD = "gnu++20";
				CLANG_ENABLE_MODULES = YES;
				CLANG_ENABLE_OBJC_ARC = YES;
				CLANG_ENABLE_OBJC_WEAK = YES;
				CLANG_WARN_BLOCK_CAPTURE_AUTORELEASING = YES;
				CLANG_WARN_BOOL_CONVERSION = YES;
				CLANG_WARN_COMMA = YES;
				CLANG_WARN_CONSTANT_CONVERSION = YES;
				CLANG_WARN_DEPRECATED_OBJC_IMPLEMENTATIONS = YES;
				CLANG_WARN_DIRECT_OBJC_ISA_USAGE = YES_ERROR;
				CLANG_WARN_DOCUMENTATION_COMMENTS = YES;
				CLANG_WARN_EMPTY_BODY = YES;
				CLANG_WARN_ENUM_CONVERSION = YES;
				CLANG_WARN_INFINITE_RECURSION = YES;
				CLANG_WARN_INT_CONVERSION = YES;
				CLANG_WARN_NON_LITERAL_NULL_CONVERSION = YES;
				CLANG_WARN_OBJC_IMPLICIT_RETAIN_SELF = YES;
				CLANG_WARN_OBJC_LITERAL_CONVERSION = YES;
				CLANG_WARN_OBJC_ROOT_CLASS = YES_ERROR;
				CLANG_WARN_QUOTED_INCLUDE_IN_FRAMEWORK_HEADER = YES;
				CLANG_WARN_RANGE_LOOP_ANALYSIS = YES;
				CLANG_WARN_STRICT_PROTOTYPES = YES;
				CLANG_WARN_SUSPICIOUS_MOVE = YES;
				CLANG_WARN_UNGUARDED_AVAILABILITY = YES_AGGRESSIVE;
				CLANG_WARN_UNREACHABLE_CODE = YES;
				CLANG_WARN__DUPLICATE_METHOD_MATCH = YES;
				COPY_PHASE_STRIP = NO;
				DEBUG_INFORMATION_FORMAT = "dwarf-with-dsym";
				ENABLE_NS_ASSERTIONS = NO;
				ENABLE_STRICT_OBJC_MSGSEND = YES;
				GCC_C_LANGUAGE_STANDARD = gnu11;
				GCC_NO_COMMON_BLOCKS = YES;
				GCC_WARN_64_TO_32_BIT_CONVERSION = YES;
				GCC_WARN_ABOUT_RETURN_TYPE = YES_ERROR;
				GCC_WARN_UNDECLARED_SELECTOR = YES;
				GCC_WARN_UNINITIALIZED_AUTOS = YES_AGGRESSIVE;
				GCC_WARN_UNUSED_FUNCTION = YES;
				GCC_WARN_UNUSED_VARIABLE = YES;
				IPHONEOS_DEPLOYMENT_TARGET = 16.2;
				MTL_ENABLE_DEBUG_INFO = NO;
				MTL_FAST_MATH = YES;
				SDKROOT = iphoneos;
				SWIFT_COMPILATION_MODE = wholemodule;
				SWIFT_OPTIMIZATION_LEVEL = "-O";
				VALIDATE_PRODUCT = YES;
			};
			name = Release;
		};
		18AA96552A7E13EB001C48D1 /* Debug */ = {
			isa = XCBuildConfiguration;
			buildSettings = {
				ASSETCATALOG_COMPILER_APPICON_NAME = AppIcon;
				ASSETCATALOG_COMPILER_GLOBAL_ACCENT_COLOR_NAME = AccentColor;
				CODE_SIGN_STYLE = Automatic;
				CURRENT_PROJECT_VERSION = 1;
				DEVELOPMENT_ASSET_PATHS = "\"MyDay/Preview Content\"";
				ENABLE_PREVIEWS = YES;
				GENERATE_INFOPLIST_FILE = YES;
				INFOPLIST_KEY_UIApplicationSceneManifest_Generation = YES;
				INFOPLIST_KEY_UIApplicationSupportsIndirectInputEvents = YES;
				INFOPLIST_KEY_UILaunchScreen_Generation = YES;
				INFOPLIST_KEY_UISupportedInterfaceOrientations_iPad = "UIInterfaceOrientationPortrait UIInterfaceOrientationPortraitUpsideDown UIInterfaceOrientationLandscapeLeft UIInterfaceOrientationLandscapeRight";
				INFOPLIST_KEY_UISupportedInterfaceOrientations_iPhone = "UIInterfaceOrientationPortrait UIInterfaceOrientationLandscapeLeft UIInterfaceOrientationLandscapeRight";
				IPHONEOS_DEPLOYMENT_TARGET = 15.5;
				LD_RUNPATH_SEARCH_PATHS = (
					"$(inherited)",
					"@executable_path/Frameworks",
				);
				MARKETING_VERSION = 1.0;
				PRODUCT_BUNDLE_IDENTIFIER = com.sp1der.MyDay;
				PRODUCT_NAME = "$(TARGET_NAME)";
				SWIFT_EMIT_LOC_STRINGS = YES;
				SWIFT_VERSION = 5.0;
				TARGETED_DEVICE_FAMILY = "1,2";
			};
			name = Debug;
		};
		18AA96562A7E13EB001C48D1 /* Release */ = {
			isa = XCBuildConfiguration;
			buildSettings = {
				ASSETCATALOG_COMPILER_APPICON_NAME = AppIcon;
				ASSETCATALOG_COMPILER_GLOBAL_ACCENT_COLOR_NAME = AccentColor;
				CODE_SIGN_STYLE = Automatic;
				CURRENT_PROJECT_VERSION = 1;
				DEVELOPMENT_ASSET_PATHS = "\"MyDay/Preview Content\"";
				ENABLE_PREVIEWS = YES;
				GENERATE_INFOPLIST_FILE = YES;
				INFOPLIST_KEY_UIApplicationSceneManifest_Generation = YES;
				INFOPLIST_KEY_UIApplicationSupportsIndirectInputEvents = YES;
				INFOPLIST_KEY_UILaunchScreen_Generation = YES;
				INFOPLIST_KEY_UISupportedInterfaceOrientations_iPad = "UIInterfaceOrientationPortrait UIInterfaceOrientationPortraitUpsideDown UIInterfaceOrientationLandscapeLeft UIInterfaceOrientationLandscapeRight";
				INFOPLIST_KEY_UISupportedInterfaceOrientations_iPhone = "UIInterfaceOrientationPortrait UIInterfaceOrientationLandscapeLeft UIInterfaceOrientationLandscapeRight";
				IPHONEOS_DEPLOYMENT_TARGET = 15.5;
				LD_RUNPATH_SEARCH_PATHS = (
					"$(inherited)",
					"@executable_path/Frameworks",
				);
				MARKETING_VERSION = 1.0;
				PRODUCT_BUNDLE_IDENTIFIER = com.sp1der.MyDay;
				PRODUCT_NAME = "$(TARGET_NAME)";
				SWIFT_EMIT_LOC_STRINGS = YES;
				SWIFT_VERSION = 5.0;
				TARGETED_DEVICE_FAMILY = "1,2";
			};
			name = Release;
		};
/* End XCBuildConfiguration section */

/* Begin XCConfigurationList section */
		18AA96412A7E13E9001C48D1 /* Build configuration list for PBXProject "MyDay" */ = {
			isa = XCConfigurationList;
			buildConfigurations = (
				18AA96522A7E13EB001C48D1 /* Debug */,
				18AA96532A7E13EB001C48D1 /* Release */,
			);
			defaultConfigurationIsVisible = 0;
			defaultConfigurationName = Release;
		};
		18AA96542A7E13EB001C48D1 /* Build configuration list for PBXNativeTarget "MyDay" */ = {
			isa = XCConfigurationList;
			buildConfigurations = (
				18AA96552A7E13EB001C48D1 /* Debug */,
				18AA96562A7E13EB001C48D1 /* Release */,
			);
			defaultConfigurationIsVisible = 0;
			defaultConfigurationName = Release;
		};
/* End XCConfigurationList section */
	};
	rootObject = 18AA963E2A7E13E9001C48D1 /* Project object */;
}
